
Microsoft Visual Studio Solution File, Format Version 12.00
# Visual Studio Version 17
VisualStudioVersion = 17.8.34330.188
MinimumVisualStudioVersion = 10.0.40219.1
Project("{FAE04EC0-301F-11D3-BF4B-00C04F79EFBC}") = "WizardTime", "MagicPractices\WizardTime.csproj", "{7B4801B2-6155-4447-B9B0-0ABBC2877E17}"
EndProject
Global
	GlobalSection(SolutionConfigurationPlatforms) = preSolution
		Debug|Any CPU = Debug|Any CPU
		Release|Any CPU = Release|Any CPU
	EndGlobalSection
	GlobalSection(ProjectConfigurationPlatforms) = postSolution
		{7B4801B2-6155-4447-B9B0-0ABBC2877E17}.Debug|Any CPU.ActiveCfg = Debug|Any CPU
		{7B4801B2-6155-4447-B9B0-0ABBC2877E17}.Debug|Any CPU.Build.0 = Debug|Any CPU
		{7B4801B2-6155-4447-B9B0-0ABBC2877E17}.Release|Any CPU.ActiveCfg = Release|Any CPU
		{7B4801B2-6155-4447-B9B0-0ABBC2877E17}.Release|Any CPU.Build.0 = Release|Any CPU
	EndGlobalSection
	GlobalSection(SolutionProperties) = preSolution
		HideSolutionNode = FALSE
	EndGlobalSection
	GlobalSection(ExtensibilityGlobals) = postSolution
		SolutionGuid = {A804CF24-37A4-4979-A9FD-AE13DC71AB9C}
	EndGlobalSection
EndGlobal
